<?xml version="1.0" encoding="utf-8"?>
<Project ToolsVersion="4.0" xmlns="http://schemas.microsoft.com/developer/msbuild/2003">
  <ItemGroup>
    <Filter Include="Source Files">
      <UniqueIdentifier>{4FC737F1-C7A5-4376-A066-2A32D752A2FF}</UniqueIdentifier>
      <Extensions>cpp;c;cc;cxx;def;odl;idl;hpj;bat;asm;asmx</Extensions>
    </Filter>
    <Filter Include="Header Files">
      <UniqueIdentifier>{93995380-89BD-4b04-88EB-625FBE52EBFB}</UniqueIdentifier>
      <Extensions>h;hpp;hxx;hm;inl;inc;xsd</Extensions>
    </Filter>
    <Filter Include="Resource Files">
      <UniqueIdentifier>{67DA6AB6-F800-4c08-8B7A-83BB121AAD01}</UniqueIdentifier>
      <Extensions>rc;ico;cur;bmp;dlg;rc2;rct;bin;rgs;gif;jpg;jpeg;jpe;resx;tiff;tif;png;wav;mfcribbon-ms</Extensions>
    </Filter>
  </ItemGroup>
  <ItemGroup>
    <ClInclude Include="header.h">
      <Filter>Source Files</Filter>
    </ClInclude>
  </ItemGroup>
  <ItemGroup>
    <None Include="accountantmenu.dat">
      <Filter>Source Files</Filter>
    </None>
    <None Include="accountantPassword.dat">
      <Filter>Source Files</Filter>
    </None>
    <None Include="adminmenu.dat">
      <Filter>Source Files</Filter>
    </None>
    <None Include="admissionmenu.dat">
      <Filter>Source Files</Filter>
    </None>
    <None Include="book.dat">
      <Filter>Source Files</Filter>
    </None>
    <None Include="BusExpense.dat">
      <Filter>Source Files</Filter>
    </None>
    <None Include="busmenu.dat">
      <Filter>Source Files</Filter>
    </None>
    <None Include="calculate_expenses.dat">
      <Filter>Source Files</Filter>
    </None>
    <None Include="exit.dat">
      <Filter>Source Files</Filter>
    </None>
    <None Include="goodbye.dat">
      <Filter>Source Files</Filter>
    </None>
    <None Include="coordinatormenu.dat">
      <Filter>Source Files</Filter>
    </None>
    <None Include="studentmenu.dat">
      <Filter>Source Files</Filter>
    </None>
    <None Include="TeacherPassword.dat">
      <Filter>Source Files</Filter>
    </None>
    <None Include="TotalExpenditure.dat">
      <Filter>Source Files</Filter>
    </None>
    <None Include="IssueBooks.dat">
      <Filter>Source Files</Filter>
    </None>
    <None Include="return.dat">
      <Filter>Source Files</Filter>
    </None>
    <None Include="Sadmin_email.dat">
      <Filter>Source Files</Filter>
    </None>
    <None Include="Steacher_email.dat">
      <Filter>Source Files</Filter>
    </None>
    <None Include="student.dat">
      <Filter>Source Files</Filter>
    </None>
    <None Include="Student_emailResponse.dat">
      <Filter>Source Files</Filter>
    </None>
    <None Include="StudentFee.dat">
      <Filter>Source Files</Filter>
    </None>
    <None Include="StudentPassword.dat">
      <Filter>Source Files</Filter>
    </None>
    <None Include="StudentResult.dat">
      <Filter>Source Files</Filter>
    </None>
    <None Include="teacher.dat">
      <Filter>Source Files</Filter>
    </None>
    <None Include="teachermenu.dat">
      <Filter>Source Files</Filter>
    </None>
    <None Include="TeacherSalary.dat">
      <Filter>Source Files</Filter>
    </None>
    <None Include="TimeTable.dat">
      <Filter>Source Files</Filter>
    </None>
    <None Include="TimeTableTeacher.dat">
      <Filter>Source Files</Filter>
    </None>
    <None Include="TotalRevenue.dat">
      <Filter>Source Files</Filter>
    </None>
    <None Include="TotalStudentFee.dat">
      <Filter>Source Files</Filter>
    </None>
    <None Include="transport.dat">
      <Filter>Source Files</Filter>
    </None>
    <None Include="TransportPassword.dat">
      <Filter>Source Files</Filter>
    </None>
    <None Include="mainmenu.dat">
      <Filter>Source Files</Filter>
    </None>
    <None Include="StudentAttendence.dat">
      <Filter>Source Files</Filter>
    </None>
    <None Include="BEE11-B_course.dat">
      <Filter>Source Files</Filter>
    </None>
    <None Include="BEE12-B_course.dat">
      <Filter>Source Files</Filter>
    </None>
    <None Include="BEE13-B_course.dat">
      <Filter>Source Files</Filter>
    </None>
    <None Include="TeacherAttendence.dat">
      <Filter>Source Files</Filter>
    </None>
    <None Include="temp.dat">
      <Filter>Source Files</Filter>
    </None>
    <None Include="grade.dat">
      <Filter>Source Files</Filter>
    </None>
  </ItemGroup>
  <ItemGroup>
    <ClCompile Include="OOPPROJECT.cpp">
      <Filter>Source Files</Filter>
    </ClCompile>
  </ItemGroup>
</Project>